
Microsoft Visual Studio Solution File, Format Version 12.00
Project("{FAE04EC0-301F-11D3-BF4B-00C04F79EFBC}") = "MiniHW1", "MiniHW1\MiniHW1.csproj", "{88E05979-541C-4C02-8DA7-D9BF1FC3EF3A}"
EndProject
Project("{FAE04EC0-301F-11D3-BF4B-00C04F79EFBC}") = "Domain", "Domain\Domain.csproj", "{F4AC81D9-122D-4815-AA16-AECE3EE9C90B}"
EndProject
Project("{FAE04EC0-301F-11D3-BF4B-00C04F79EFBC}") = "Interface", "Interface\Interface.csproj", "{27F12829-34DC-4FC9-A4F3-61B9B2695833}"
EndProject
Project("{2150E333-8FDC-42A3-9474-1A3956D46DE8}") = "MinHW1", "MinHW1", "{8ED2FE88-05BA-4C9F-99CC-62C7E61E692E}"
EndProject
Project("{2150E333-8FDC-42A3-9474-1A3956D46DE8}") = "Tests", "Tests", "{BBA6AA01-3AA6-4485-91F4-C1F3BC6D1E5F}"
EndProject
Project("{FAE04EC0-301F-11D3-BF4B-00C04F79EFBC}") = "Test", "Test\Test.csproj", "{4E57EA0D-CB53-47A0-9229-83ACAE7EA82F}"
EndProject
Global
	GlobalSection(SolutionConfigurationPlatforms) = preSolution
		Debug|Any CPU = Debug|Any CPU
		Release|Any CPU = Release|Any CPU
	EndGlobalSection
	GlobalSection(ProjectConfigurationPlatforms) = postSolution
		{88E05979-541C-4C02-8DA7-D9BF1FC3EF3A}.Debug|Any CPU.ActiveCfg = Debug|Any CPU
		{88E05979-541C-4C02-8DA7-D9BF1FC3EF3A}.Debug|Any CPU.Build.0 = Debug|Any CPU
		{88E05979-541C-4C02-8DA7-D9BF1FC3EF3A}.Release|Any CPU.ActiveCfg = Release|Any CPU
		{88E05979-541C-4C02-8DA7-D9BF1FC3EF3A}.Release|Any CPU.Build.0 = Release|Any CPU
		{F4AC81D9-122D-4815-AA16-AECE3EE9C90B}.Debug|Any CPU.ActiveCfg = Debug|Any CPU
		{F4AC81D9-122D-4815-AA16-AECE3EE9C90B}.Debug|Any CPU.Build.0 = Debug|Any CPU
		{F4AC81D9-122D-4815-AA16-AECE3EE9C90B}.Release|Any CPU.ActiveCfg = Release|Any CPU
		{F4AC81D9-122D-4815-AA16-AECE3EE9C90B}.Release|Any CPU.Build.0 = Release|Any CPU
		{27F12829-34DC-4FC9-A4F3-61B9B2695833}.Debug|Any CPU.ActiveCfg = Debug|Any CPU
		{27F12829-34DC-4FC9-A4F3-61B9B2695833}.Debug|Any CPU.Build.0 = Debug|Any CPU
		{27F12829-34DC-4FC9-A4F3-61B9B2695833}.Release|Any CPU.ActiveCfg = Release|Any CPU
		{27F12829-34DC-4FC9-A4F3-61B9B2695833}.Release|Any CPU.Build.0 = Release|Any CPU
		{4E57EA0D-CB53-47A0-9229-83ACAE7EA82F}.Debug|Any CPU.ActiveCfg = Debug|Any CPU
		{4E57EA0D-CB53-47A0-9229-83ACAE7EA82F}.Debug|Any CPU.Build.0 = Debug|Any CPU
		{4E57EA0D-CB53-47A0-9229-83ACAE7EA82F}.Release|Any CPU.ActiveCfg = Release|Any CPU
		{4E57EA0D-CB53-47A0-9229-83ACAE7EA82F}.Release|Any CPU.Build.0 = Release|Any CPU
	EndGlobalSection
	GlobalSection(NestedProjects) = preSolution
		{F4AC81D9-122D-4815-AA16-AECE3EE9C90B} = {8ED2FE88-05BA-4C9F-99CC-62C7E61E692E}
		{27F12829-34DC-4FC9-A4F3-61B9B2695833} = {8ED2FE88-05BA-4C9F-99CC-62C7E61E692E}
		{88E05979-541C-4C02-8DA7-D9BF1FC3EF3A} = {8ED2FE88-05BA-4C9F-99CC-62C7E61E692E}
		{4E57EA0D-CB53-47A0-9229-83ACAE7EA82F} = {BBA6AA01-3AA6-4485-91F4-C1F3BC6D1E5F}
	EndGlobalSection
EndGlobal
